
Microsoft Visual Studio Solution File, Format Version 12.00
# Visual Studio Version 17
VisualStudioVersion = 17.11.35222.181
MinimumVisualStudioVersion = 10.0.40219.1
Project("{FAE04EC0-301F-11D3-BF4B-00C04F79EFBC}") = "CSharp_ASCII_Render_Engine", "CSharp_ASCII_Render_Engine\CSharp_ASCII_Render_Engine.csproj", "{CAD6B15C-C0FF-458A-9222-F39235702587}"
EndProject
Global
	GlobalSection(SolutionConfigurationPlatforms) = preSolution
		Debug|Any CPU = Debug|Any CPU
		Release|Any CPU = Release|Any CPU
	EndGlobalSection
	GlobalSection(ProjectConfigurationPlatforms) = postSolution
		{CAD6B15C-C0FF-458A-9222-F39235702587}.Debug|Any CPU.ActiveCfg = Debug|Any CPU
		{CAD6B15C-C0FF-458A-9222-F39235702587}.Debug|Any CPU.Build.0 = Debug|Any CPU
		{CAD6B15C-C0FF-458A-9222-F39235702587}.Release|Any CPU.ActiveCfg = Release|Any CPU
		{CAD6B15C-C0FF-458A-9222-F39235702587}.Release|Any CPU.Build.0 = Release|Any CPU
	EndGlobalSection
	GlobalSection(SolutionProperties) = preSolution
		HideSolutionNode = FALSE
	EndGlobalSection
	GlobalSection(ExtensibilityGlobals) = postSolution
		SolutionGuid = {49FE90D8-9342-4904-81CD-AA805F1A5714}
	EndGlobalSection
EndGlobal
